
Microsoft Visual Studio Solution File, Format Version 12.00
# Visual Studio Version 17
VisualStudioVersion = 17.9.34616.47
MinimumVisualStudioVersion = 10.0.40219.1
Project("{FAE04EC0-301F-11D3-BF4B-00C04F79EFBC}") = "LeetcodeDaily", "LeetcodeDaily\LeetcodeDaily.csproj", "{B6E176D3-D8FC-42EE-AD53-F25192869622}"
EndProject
Global
	GlobalSection(SolutionConfigurationPlatforms) = preSolution
		Debug|Any CPU = Debug|Any CPU
		Release|Any CPU = Release|Any CPU
	EndGlobalSection
	GlobalSection(ProjectConfigurationPlatforms) = postSolution
		{B6E176D3-D8FC-42EE-AD53-F25192869622}.Debug|Any CPU.ActiveCfg = Debug|Any CPU
		{B6E176D3-D8FC-42EE-AD53-F25192869622}.Debug|Any CPU.Build.0 = Debug|Any CPU
		{B6E176D3-D8FC-42EE-AD53-F25192869622}.Release|Any CPU.ActiveCfg = Release|Any CPU
		{B6E176D3-D8FC-42EE-AD53-F25192869622}.Release|Any CPU.Build.0 = Release|Any CPU
	EndGlobalSection
	GlobalSection(SolutionProperties) = preSolution
		HideSolutionNode = FALSE
	EndGlobalSection
	GlobalSection(ExtensibilityGlobals) = postSolution
		SolutionGuid = {80E6C91B-0401-4A2B-8E4D-0EF22C687AB9}
	EndGlobalSection
EndGlobal
